
Microsoft Visual Studio Solution File, Format Version 12.00
# Visual Studio Version 17
VisualStudioVersion = 17.1.32407.343
MinimumVisualStudioVersion = 10.0.40219.1
Project("{FAE04EC0-301F-11D3-BF4B-00C04F79EFBC}") = "MathLibraryApp", "MathLibraryApp\MathLibraryApp.csproj", "{19A5E3BD-023E-43B0-B625-8345285DED9C}"
EndProject
Global
	GlobalSection(SolutionConfigurationPlatforms) = preSolution
		Debug|Any CPU = Debug|Any CPU
		Release|Any CPU = Release|Any CPU
	EndGlobalSection
	GlobalSection(ProjectConfigurationPlatforms) = postSolution
		{19A5E3BD-023E-43B0-B625-8345285DED9C}.Debug|Any CPU.ActiveCfg = Debug|Any CPU
		{19A5E3BD-023E-43B0-B625-8345285DED9C}.Debug|Any CPU.Build.0 = Debug|Any CPU
		{19A5E3BD-023E-43B0-B625-8345285DED9C}.Release|Any CPU.ActiveCfg = Release|Any CPU
		{19A5E3BD-023E-43B0-B625-8345285DED9C}.Release|Any CPU.Build.0 = Release|Any CPU
	EndGlobalSection
	GlobalSection(SolutionProperties) = preSolution
		HideSolutionNode = FALSE
	EndGlobalSection
	GlobalSection(ExtensibilityGlobals) = postSolution
		SolutionGuid = {90A283DA-C619-49D9-888C-88866802275E}
	EndGlobalSection
EndGlobal
